PODS:
  - Flurry-iOS-SDK/CrashReporter (12.2.0)
  - Flurry-iOS-SDK/FlurrySDK (12.2.0):
    - Flurry-iOS-SDK/CrashReporter

DEPENDENCIES:
  - Flurry-iOS-SDK/FlurrySDK

SPEC REPOS:
  trunk:
    - Flurry-iOS-SDK

SPEC CHECKSUMS:
  Flurry-iOS-SDK: acac6eb6761fc39f7accbf1f8c4859ef297c7ee9

PODFILE CHECKSUM: fda312d1cd707d05d9caaf21f9bb1f29d1bab4b8

COCOAPODS: 1.11.3
