PODS:
  - Flurry-iOS-SDK (11.2.1.catalyst):
    - Flurry-iOS-SDK/FlurrySDK (= 11.2.1.catalyst)
  - Flurry-iOS-SDK/FlurrySDK (11.2.1.catalyst)

DEPENDENCIES:
  - Flurry-iOS-SDK (from `~/Flurry-iOS-core-analytics-sample-ObjC/Pods/Flurry-Catalyst-Beta`)

EXTERNAL SOURCES:
  Flurry-iOS-SDK:
    :path: "~/Flurry-iOS-core-analytics-sample-ObjC/Pods/Flurry-Catalyst-Beta"

SPEC CHECKSUMS:
  Flurry-iOS-SDK: 20d0241d6892e3c704541876d8ceb2296ee96d76

PODFILE CHECKSUM: 39aaeff436e94068418c023fe3f0293627f67aa7

COCOAPODS: 1.10.1
